<?xml version="1.0" encoding="utf-8"?>
<Project ToolsVersion="4.0" xmlns="http://schemas.microsoft.com/developer/msbuild/2003">
  <ItemGroup>
    <Filter Include="Source Files">
      <UniqueIdentifier>{4FC737F1-C7A5-4376-A066-2A32D752A2FF}</UniqueIdentifier>
      <Extensions>cpp;c;cc;cxx;def;odl;idl;hpj;bat;asm;asmx</Extensions>
    </Filter>
    <Filter Include="Header Files">
      <UniqueIdentifier>{93995380-89BD-4b04-88EB-625FBE52EBFB}</UniqueIdentifier>
      <Extensions>h;hh;hpp;hxx;hm;inl;inc;ipp;xsd</Extensions>
    </Filter>
    <Filter Include="Resource Files">
      <UniqueIdentifier>{67DA6AB6-F800-4c08-8B7A-83BB121AAD01}</UniqueIdentifier>
      <Extensions>rc;ico;cur;bmp;dlg;rc2;rct;bin;rgs;gif;jpg;jpeg;jpe;resx;tiff;tif;png;wav;mfcribbon-ms</Extensions>
    </Filter>
    <Filter Include="Source Files\Screen">
      <UniqueIdentifier>{a586a7d3-fd2b-4e5c-9937-61bb0e275696}</UniqueIdentifier>
    </Filter>
    <Filter Include="Source Files\Chunk">
      <UniqueIdentifier>{b988cee5-484b-4acd-a325-e3a6957f1765}</UniqueIdentifier>
    </Filter>
    <Filter Include="Source Files\Perlin">
      <UniqueIdentifier>{dbb58b80-2a3c-44be-9a46-a4927cd3cac8}</UniqueIdentifier>
    </Filter>
    <Filter Include="Source Files\Chunk\Cube">
      <UniqueIdentifier>{3c979bf9-cc40-4ed6-bae3-be04c0e30a96}</UniqueIdentifier>
    </Filter>
    <Filter Include="Source Files\World">
      <UniqueIdentifier>{2cfb5b6b-a321-470c-a7fa-57d75852b73e}</UniqueIdentifier>
    </Filter>
  </ItemGroup>
  <ItemGroup>
    <None Include="packages.config" />
    <None Include="screen.vert">
      <Filter>Source Files\Screen</Filter>
    </None>
    <None Include="screen.frag">
      <Filter>Source Files\Screen</Filter>
    </None>
    <None Include="cube.vert">
      <Filter>Source Files\Chunk\Cube</Filter>
    </None>
    <None Include="cube.frag">
      <Filter>Source Files\Chunk\Cube</Filter>
    </None>
    <None Include="cube.geom">
      <Filter>Source Files\Chunk\Cube</Filter>
    </None>
  </ItemGroup>
  <ItemGroup>
    <ClCompile Include="main.cc">
      <Filter>Source Files</Filter>
    </ClCompile>
    <ClCompile Include="render_pass.cc">
      <Filter>Source Files</Filter>
    </ClCompile>
    <ClCompile Include="shader_uniform.cc">
      <Filter>Source Files</Filter>
    </ClCompile>
    <ClCompile Include="..\lib\utgraphicsutil\debuggl.cc">
      <Filter>Resource Files</Filter>
    </ClCompile>
    <ClCompile Include="..\lib\utgraphicsutil\jpegio.cc">
      <Filter>Resource Files</Filter>
    </ClCompile>
    <ClCompile Include="glSetups.cpp">
      <Filter>Source Files</Filter>
    </ClCompile>
    <ClCompile Include="geometry.cpp">
      <Filter>Source Files</Filter>
    </ClCompile>
    <ClCompile Include="Screen.cpp">
      <Filter>Source Files\Screen</Filter>
    </ClCompile>
    <ClCompile Include="Cube.cpp">
      <Filter>Source Files\Chunk\Cube</Filter>
    </ClCompile>
    <ClCompile Include="Camera.cpp">
      <Filter>Source Files</Filter>
    </ClCompile>
    <ClCompile Include="GUI.cpp">
      <Filter>Source Files</Filter>
    </ClCompile>
    <ClCompile Include="Chunk.cpp">
      <Filter>Source Files\Chunk</Filter>
    </ClCompile>
    <ClCompile Include="World.cpp">
      <Filter>Source Files\World</Filter>
    </ClCompile>
  </ItemGroup>
  <ItemGroup>
    <ClInclude Include="render_pass.h">
      <Filter>Source Files</Filter>
    </ClInclude>
    <ClInclude Include="shader_uniform.h">
      <Filter>Source Files</Filter>
    </ClInclude>
    <ClInclude Include="..\lib\utgraphicsutil\debuggl.h">
      <Filter>Resource Files</Filter>
    </ClInclude>
    <ClInclude Include="..\lib\utgraphicsutil\image.h">
      <Filter>Resource Files</Filter>
    </ClInclude>
    <ClInclude Include="..\lib\utgraphicsutil\jpegio.h">
      <Filter>Resource Files</Filter>
    </ClInclude>
    <ClInclude Include="..\lib\utgraphicsutil\material.h">
      <Filter>Resource Files</Filter>
    </ClInclude>
    <ClInclude Include="..\lib\utgraphicsutil\portable_gl.h">
      <Filter>Resource Files</Filter>
    </ClInclude>
    <ClInclude Include="glSetups.h">
      <Filter>Source Files</Filter>
    </ClInclude>
    <ClInclude Include="geometry.h">
      <Filter>Source Files</Filter>
    </ClInclude>
    <ClInclude Include="Screen.h">
      <Filter>Source Files\Screen</Filter>
    </ClInclude>
    <ClInclude Include="Cube.h">
      <Filter>Source Files\Chunk\Cube</Filter>
    </ClInclude>
    <ClInclude Include="Camera.h">
      <Filter>Source Files</Filter>
    </ClInclude>
    <ClInclude Include="GUI.h">
      <Filter>Source Files</Filter>
    </ClInclude>
    <ClInclude Include="Chunk.h">
      <Filter>Source Files\Chunk</Filter>
    </ClInclude>
    <ClInclude Include="Perlin.h">
      <Filter>Source Files\Perlin</Filter>
    </ClInclude>
    <ClInclude Include="main.h">
      <Filter>Header Files</Filter>
    </ClInclude>
    <ClInclude Include="World.h">
      <Filter>Source Files\World</Filter>
    </ClInclude>
  </ItemGroup>
</Project>